dependencies:
  espressif/mdns:
    component_hash: 7c0fa01a1cd0e72a87ec1928c3b661c0a3a9034a6d3a69dcf4850db8c6f272db
    dependencies:
    - name: idf
      require: private
      version: '>=5.0'
    source:
      registry_url: https://components.espressif.com/
      type: service
    version: 1.10.1
  idf:
    source:
      type: idf
    version: 5.4.0
  nixy4/u8g2:
    component_hash: d23326bf33da6b0a41ef16caa527689d770bcb7c469d8d57ca18a42f4cfed81b
    dependencies:
    - name: idf
      require: private
      version: '>=5.0'
    source:
      registry_url: https://components.espressif.com/
      type: service
    version: 0.1.4
direct_dependencies:
- espressif/mdns
- nixy4/u8g2
manifest_hash: 15d57a149de5ee73ccbcdf3a9ab3f584648633c68579e725dd7a9b80630a7c2e
target: esp32s3
version: 2.0.0
